
Microsoft Visual Studio Solution File, Format Version 12.00
# Visual Studio Version 17
VisualStudioVersion = 17.8.34316.72
MinimumVisualStudioVersion = 10.0.40219.1
Project("{FAE04EC0-301F-11D3-BF4B-00C04F79EFBC}") = "Dungeon Heroes", "Dungeon Heroes\Dungeon Heroes.csproj", "{59C7DEAF-0E5F-4513-A6AB-517BDA23848B}"
EndProject
Global
	GlobalSection(SolutionConfigurationPlatforms) = preSolution
		Debug|Any CPU = Debug|Any CPU
		Release|Any CPU = Release|Any CPU
	EndGlobalSection
	GlobalSection(ProjectConfigurationPlatforms) = postSolution
		{59C7DEAF-0E5F-4513-A6AB-517BDA23848B}.Debug|Any CPU.ActiveCfg = Debug|Any CPU
		{59C7DEAF-0E5F-4513-A6AB-517BDA23848B}.Debug|Any CPU.Build.0 = Debug|Any CPU
		{59C7DEAF-0E5F-4513-A6AB-517BDA23848B}.Release|Any CPU.ActiveCfg = Release|Any CPU
		{59C7DEAF-0E5F-4513-A6AB-517BDA23848B}.Release|Any CPU.Build.0 = Release|Any CPU
	EndGlobalSection
	GlobalSection(SolutionProperties) = preSolution
		HideSolutionNode = FALSE
	EndGlobalSection
	GlobalSection(ExtensibilityGlobals) = postSolution
		SolutionGuid = {DC118DCD-5C99-45DE-BCE5-78A661CF1DCF}
	EndGlobalSection
EndGlobal
